
Microsoft Visual Studio Solution File, Format Version 12.00
Project("{FAE04EC0-301F-11D3-BF4B-00C04F79EFBC}") = "UserDemoApi", "UserDemoApi\UserDemoApi.csproj", "{E4F4F7E4-CF5C-4D76-AB03-F4DA393C6BB2}"
EndProject
Project("{FAE04EC0-301F-11D3-BF4B-00C04F79EFBC}") = "Application", "Application\Application.csproj", "{017923F3-D5CF-476B-9D97-1199AD239B42}"
EndProject
Project("{FAE04EC0-301F-11D3-BF4B-00C04F79EFBC}") = "Domain", "Domain\Domain.csproj", "{05608143-78B4-441F-BF4A-F1D775DDDE30}"
EndProject
Project("{FAE04EC0-301F-11D3-BF4B-00C04F79EFBC}") = "Infrastructure", "Infrastructure\Infrastructure.csproj", "{2C6D541A-86A6-46E2-A660-121464EEB3B2}"
EndProject
Global
	GlobalSection(SolutionConfigurationPlatforms) = preSolution
		Debug|Any CPU = Debug|Any CPU
		Release|Any CPU = Release|Any CPU
	EndGlobalSection
	GlobalSection(ProjectConfigurationPlatforms) = postSolution
		{E4F4F7E4-CF5C-4D76-AB03-F4DA393C6BB2}.Debug|Any CPU.ActiveCfg = Debug|Any CPU
		{E4F4F7E4-CF5C-4D76-AB03-F4DA393C6BB2}.Debug|Any CPU.Build.0 = Debug|Any CPU
		{E4F4F7E4-CF5C-4D76-AB03-F4DA393C6BB2}.Release|Any CPU.ActiveCfg = Release|Any CPU
		{E4F4F7E4-CF5C-4D76-AB03-F4DA393C6BB2}.Release|Any CPU.Build.0 = Release|Any CPU
		{017923F3-D5CF-476B-9D97-1199AD239B42}.Debug|Any CPU.ActiveCfg = Debug|Any CPU
		{017923F3-D5CF-476B-9D97-1199AD239B42}.Debug|Any CPU.Build.0 = Debug|Any CPU
		{017923F3-D5CF-476B-9D97-1199AD239B42}.Release|Any CPU.ActiveCfg = Release|Any CPU
		{017923F3-D5CF-476B-9D97-1199AD239B42}.Release|Any CPU.Build.0 = Release|Any CPU
		{05608143-78B4-441F-BF4A-F1D775DDDE30}.Debug|Any CPU.ActiveCfg = Debug|Any CPU
		{05608143-78B4-441F-BF4A-F1D775DDDE30}.Debug|Any CPU.Build.0 = Debug|Any CPU
		{05608143-78B4-441F-BF4A-F1D775DDDE30}.Release|Any CPU.ActiveCfg = Release|Any CPU
		{05608143-78B4-441F-BF4A-F1D775DDDE30}.Release|Any CPU.Build.0 = Release|Any CPU
		{2C6D541A-86A6-46E2-A660-121464EEB3B2}.Debug|Any CPU.ActiveCfg = Debug|Any CPU
		{2C6D541A-86A6-46E2-A660-121464EEB3B2}.Debug|Any CPU.Build.0 = Debug|Any CPU
		{2C6D541A-86A6-46E2-A660-121464EEB3B2}.Release|Any CPU.ActiveCfg = Release|Any CPU
		{2C6D541A-86A6-46E2-A660-121464EEB3B2}.Release|Any CPU.Build.0 = Release|Any CPU
	EndGlobalSection
EndGlobal
